<?xml version="1.0" encoding="utf-8"?>
<Project ToolsVersion="4.0" xmlns="http://schemas.microsoft.com/developer/msbuild/2003">
  <ItemGroup>
    <Filter Include="Source Files">
      <UniqueIdentifier>{4FC737F1-C7A5-4376-A066-2A32D752A2FF}</UniqueIdentifier>
      <Extensions>cpp;c;cc;cxx;c++;cppm;ixx;def;odl;idl;hpj;bat;asm;asmx</Extensions>
    </Filter>
    <Filter Include="Header Files">
      <UniqueIdentifier>{93995380-89BD-4b04-88EB-625FBE52EBFB}</UniqueIdentifier>
      <Extensions>h;hh;hpp;hxx;h++;hm;inl;inc;ipp;xsd</Extensions>
    </Filter>
    <Filter Include="Resource Files">
      <UniqueIdentifier>{67DA6AB6-F800-4c08-8B7A-83BB121AAD01}</UniqueIdentifier>
      <Extensions>rc;ico;cur;bmp;dlg;rc2;rct;bin;rgs;gif;jpg;jpeg;jpe;resx;tiff;tif;png;wav;mfcribbon-ms</Extensions>
    </Filter>
    <Filter Include="Source Files\GML">
      <UniqueIdentifier>{370687e9-333d-4be7-8877-ae06632bbe5d}</UniqueIdentifier>
    </Filter>
    <Filter Include="Source Files\SDK">
      <UniqueIdentifier>{37316238-f675-4b44-8d52-0495ad3bf07a}</UniqueIdentifier>
    </Filter>
  </ItemGroup>
  <ItemGroup>
    <ClInclude Include="framework.h">
      <Filter>Header Files</Filter>
    </ClInclude>
    <ClInclude Include="pch.h">
      <Filter>Header Files</Filter>
    </ClInclude>
    <ClInclude Include="..\..\Discord_sdk\cpp\core.h">
      <Filter>Source Files\SDK</Filter>
    </ClInclude>
    <ClInclude Include="..\..\Discord_sdk\cpp\discord.h">
      <Filter>Source Files\SDK</Filter>
    </ClInclude>
    <ClInclude Include="..\..\Discord_sdk\cpp\event.h">
      <Filter>Source Files\SDK</Filter>
    </ClInclude>
    <ClInclude Include="..\..\Discord_sdk\cpp\ffi.h">
      <Filter>Source Files\SDK</Filter>
    </ClInclude>
    <ClInclude Include="..\..\Discord_sdk\cpp\image_manager.h">
      <Filter>Source Files\SDK</Filter>
    </ClInclude>
    <ClInclude Include="..\..\Discord_sdk\cpp\lobby_manager.h">
      <Filter>Source Files\SDK</Filter>
    </ClInclude>
    <ClInclude Include="..\..\Discord_sdk\cpp\network_manager.h">
      <Filter>Source Files\SDK</Filter>
    </ClInclude>
    <ClInclude Include="..\..\Discord_sdk\cpp\overlay_manager.h">
      <Filter>Source Files\SDK</Filter>
    </ClInclude>
    <ClInclude Include="..\..\Discord_sdk\cpp\relationship_manager.h">
      <Filter>Source Files\SDK</Filter>
    </ClInclude>
    <ClInclude Include="..\..\Discord_sdk\cpp\storage_manager.h">
      <Filter>Source Files\SDK</Filter>
    </ClInclude>
    <ClInclude Include="..\..\Discord_sdk\cpp\store_manager.h">
      <Filter>Source Files\SDK</Filter>
    </ClInclude>
    <ClInclude Include="..\..\Discord_sdk\cpp\types.h">
      <Filter>Source Files\SDK</Filter>
    </ClInclude>
    <ClInclude Include="..\..\Discord_sdk\cpp\user_manager.h">
      <Filter>Source Files\SDK</Filter>
    </ClInclude>
    <ClInclude Include="..\..\Discord_sdk\cpp\voice_manager.h">
      <Filter>Source Files\SDK</Filter>
    </ClInclude>
    <ClInclude Include="..\..\Discord_sdk\cpp\achievement_manager.h">
      <Filter>Source Files\SDK</Filter>
    </ClInclude>
    <ClInclude Include="..\..\Discord_sdk\cpp\activity_manager.h">
      <Filter>Source Files\SDK</Filter>
    </ClInclude>
    <ClInclude Include="..\..\Discord_sdk\cpp\application_manager.h">
      <Filter>Source Files\SDK</Filter>
    </ClInclude>
    <ClInclude Include="utils.h">
      <Filter>Header Files</Filter>
    </ClInclude>
  </ItemGroup>
  <ItemGroup>
    <ClCompile Include="dllmain.cpp">
      <Filter>Source Files</Filter>
    </ClCompile>
    <ClCompile Include="pch.cpp">
      <Filter>Source Files</Filter>
    </ClCompile>
    <ClCompile Include="GML\Discord_Init.cpp">
      <Filter>Source Files\GML</Filter>
    </ClCompile>
    <ClCompile Include="GML\Discord_Images.cpp">
      <Filter>Source Files\GML</Filter>
    </ClCompile>
    <ClCompile Include="GML\Discord_Lobbies.cpp">
      <Filter>Source Files\GML</Filter>
    </ClCompile>
    <ClCompile Include="GML\Discord_Networking.cpp">
      <Filter>Source Files\GML</Filter>
    </ClCompile>
    <ClCompile Include="GML\Discord_Overlay.cpp">
      <Filter>Source Files\GML</Filter>
    </ClCompile>
    <ClCompile Include="GML\Discord_Relationships.cpp">
      <Filter>Source Files\GML</Filter>
    </ClCompile>
    <ClCompile Include="GML\Discord_Storage.cpp">
      <Filter>Source Files\GML</Filter>
    </ClCompile>
    <ClCompile Include="GML\Discord_Store.cpp">
      <Filter>Source Files\GML</Filter>
    </ClCompile>
    <ClCompile Include="GML\Discord_Users.cpp">
      <Filter>Source Files\GML</Filter>
    </ClCompile>
    <ClCompile Include="GML\Discord_Voice.cpp">
      <Filter>Source Files\GML</Filter>
    </ClCompile>
    <ClCompile Include="GML\Discord_Activities.cpp">
      <Filter>Source Files\GML</Filter>
    </ClCompile>
    <ClCompile Include="GML\Discord_Applications.cpp">
      <Filter>Source Files\GML</Filter>
    </ClCompile>
    <ClCompile Include="..\..\Discord_sdk\cpp\image_manager.cpp">
      <Filter>Source Files\SDK</Filter>
    </ClCompile>
    <ClCompile Include="..\..\Discord_sdk\cpp\lobby_manager.cpp">
      <Filter>Source Files\SDK</Filter>
    </ClCompile>
    <ClCompile Include="..\..\Discord_sdk\cpp\network_manager.cpp">
      <Filter>Source Files\SDK</Filter>
    </ClCompile>
    <ClCompile Include="..\..\Discord_sdk\cpp\overlay_manager.cpp">
      <Filter>Source Files\SDK</Filter>
    </ClCompile>
    <ClCompile Include="..\..\Discord_sdk\cpp\relationship_manager.cpp">
      <Filter>Source Files\SDK</Filter>
    </ClCompile>
    <ClCompile Include="..\..\Discord_sdk\cpp\storage_manager.cpp">
      <Filter>Source Files\SDK</Filter>
    </ClCompile>
    <ClCompile Include="..\..\Discord_sdk\cpp\store_manager.cpp">
      <Filter>Source Files\SDK</Filter>
    </ClCompile>
    <ClCompile Include="..\..\Discord_sdk\cpp\types.cpp">
      <Filter>Source Files\SDK</Filter>
    </ClCompile>
    <ClCompile Include="..\..\Discord_sdk\cpp\user_manager.cpp">
      <Filter>Source Files\SDK</Filter>
    </ClCompile>
    <ClCompile Include="..\..\Discord_sdk\cpp\voice_manager.cpp">
      <Filter>Source Files\SDK</Filter>
    </ClCompile>
    <ClCompile Include="..\..\Discord_sdk\cpp\achievement_manager.cpp">
      <Filter>Source Files\SDK</Filter>
    </ClCompile>
    <ClCompile Include="..\..\Discord_sdk\cpp\activity_manager.cpp">
      <Filter>Source Files\SDK</Filter>
    </ClCompile>
    <ClCompile Include="..\..\Discord_sdk\cpp\application_manager.cpp">
      <Filter>Source Files\SDK</Filter>
    </ClCompile>
    <ClCompile Include="..\..\Discord_sdk\cpp\core.cpp">
      <Filter>Source Files\SDK</Filter>
    </ClCompile>
    <ClCompile Include="utils.cpp">
      <Filter>Source Files</Filter>
    </ClCompile>
  </ItemGroup>
</Project>